// !$*UTF8*$!
{
	archiveVersion = 1;
	classes = {
	};
	objectVersion = 50;
	objects = {

/* Begin PBXBuildFile section */
		D00BF57023ACFAFB006AE10D /* DeviceView.swift in Sources */ = {isa = PBXBuildFile; fileRef = D00BF56F23ACFAFB006AE10D /* DeviceView.swift */; };
		D0730D1123C0C0C900E3629A /* Types.swift in Sources */ = {isa = PBXBuildFile; fileRef = D0730D1023C0C0C900E3629A /* Types.swift */; };
		D0B7484324336AEE0064D901 /* DiscoverView.swift in Sources */ = {isa = PBXBuildFile; fileRef = D0B7484224336AEE0064D901 /* DiscoverView.swift */; };
		D0BFBEEE23C4ADBE001C9052 /* StateManagers.swift in Sources */ = {isa = PBXBuildFile; fileRef = D0BFBEED23C4ADBE001C9052 /* StateManagers.swift */; };
		D0C6ABB12393A625002A429B /* MainMenuView.swift in Sources */ = {isa = PBXBuildFile; fileRef = D0C6ABB02393A625002A429B /* MainMenuView.swift */; };
		D0C6ABB52393A727002A429B /* Utilities.swift in Sources */ = {isa = PBXBuildFile; fileRef = D0C6ABB32393A727002A429B /* Utilities.swift */; };
		D0C6ABB62393A727002A429B /* ActivityIndicator.swift in Sources */ = {isa = PBXBuildFile; fileRef = D0C6ABB42393A727002A429B /* ActivityIndicator.swift */; };
		D0C6ABB82393A92D002A429B /* ServerCredential.swift in Sources */ = {isa = PBXBuildFile; fileRef = D0C6ABB72393A92D002A429B /* ServerCredential.swift */; };
		D0CC44832434931300621685 /* HTTPError.swift in Sources */ = {isa = PBXBuildFile; fileRef = D0CC44822434931300621685 /* HTTPError.swift */; };
		D0CC44852434962300621685 /* LoadingIndicator.swift in Sources */ = {isa = PBXBuildFile; fileRef = D0CC44842434962300621685 /* LoadingIndicator.swift */; };
		D0D9B1C223D99B1700B533D8 /* README.md in Resources */ = {isa = PBXBuildFile; fileRef = D0D9B1C123D99B1700B533D8 /* README.md */; };
		D0E4F656236DB90F00ECC73A /* AppDelegate.swift in Sources */ = {isa = PBXBuildFile; fileRef = D0E4F655236DB90F00ECC73A /* AppDelegate.swift */; };
		D0E4F658236DB90F00ECC73A /* SceneDelegate.swift in Sources */ = {isa = PBXBuildFile; fileRef = D0E4F657236DB90F00ECC73A /* SceneDelegate.swift */; };
		D0E4F65C236DB91200ECC73A /* Assets.xcassets in Resources */ = {isa = PBXBuildFile; fileRef = D0E4F65B236DB91200ECC73A /* Assets.xcassets */; };
		D0E4F65F236DB91200ECC73A /* Preview Assets.xcassets in Resources */ = {isa = PBXBuildFile; fileRef = D0E4F65E236DB91200ECC73A /* Preview Assets.xcassets */; };
		D0E4F662236DB91200ECC73A /* LaunchScreen.storyboard in Resources */ = {isa = PBXBuildFile; fileRef = D0E4F660236DB91200ECC73A /* LaunchScreen.storyboard */; };
/* End PBXBuildFile section */

/* Begin PBXFileReference section */
		D00BF56F23ACFAFB006AE10D /* DeviceView.swift */ = {isa = PBXFileReference; lastKnownFileType = sourcecode.swift; path = DeviceView.swift; sourceTree = "<group>"; };
		D0730D1023C0C0C900E3629A /* Types.swift */ = {isa = PBXFileReference; lastKnownFileType = sourcecode.swift; path = Types.swift; sourceTree = "<group>"; };
		D0B7484224336AEE0064D901 /* DiscoverView.swift */ = {isa = PBXFileReference; lastKnownFileType = sourcecode.swift; path = DiscoverView.swift; sourceTree = "<group>"; };
		D0BFBEED23C4ADBE001C9052 /* StateManagers.swift */ = {isa = PBXFileReference; lastKnownFileType = sourcecode.swift; path = StateManagers.swift; sourceTree = "<group>"; };
		D0C6ABB02393A625002A429B /* MainMenuView.swift */ = {isa = PBXFileReference; lastKnownFileType = sourcecode.swift; path = MainMenuView.swift; sourceTree = "<group>"; };
		D0C6ABB32393A727002A429B /* Utilities.swift */ = {isa = PBXFileReference; fileEncoding = 4; lastKnownFileType = sourcecode.swift; path = Utilities.swift; sourceTree = "<group>"; };
		D0C6ABB42393A727002A429B /* ActivityIndicator.swift */ = {isa = PBXFileReference; fileEncoding = 4; lastKnownFileType = sourcecode.swift; path = ActivityIndicator.swift; sourceTree = "<group>"; };
		D0C6ABB72393A92D002A429B /* ServerCredential.swift */ = {isa = PBXFileReference; lastKnownFileType = sourcecode.swift; path = ServerCredential.swift; sourceTree = "<group>"; };
		D0CC44822434931300621685 /* HTTPError.swift */ = {isa = PBXFileReference; lastKnownFileType = sourcecode.swift; path = HTTPError.swift; sourceTree = "<group>"; };
		D0CC44842434962300621685 /* LoadingIndicator.swift */ = {isa = PBXFileReference; lastKnownFileType = sourcecode.swift; path = LoadingIndicator.swift; sourceTree = "<group>"; };
		D0D9B1C123D99B1700B533D8 /* README.md */ = {isa = PBXFileReference; fileEncoding = 4; lastKnownFileType = net.daringfireball.markdown; path = README.md; sourceTree = "<group>"; };
		D0E4F652236DB90F00ECC73A /* IoT Platform.app */ = {isa = PBXFileReference; explicitFileType = wrapper.application; includeInIndex = 0; path = "IoT Platform.app"; sourceTree = BUILT_PRODUCTS_DIR; };
		D0E4F655236DB90F00ECC73A /* AppDelegate.swift */ = {isa = PBXFileReference; lastKnownFileType = sourcecode.swift; path = AppDelegate.swift; sourceTree = "<group>"; };
		D0E4F657236DB90F00ECC73A /* SceneDelegate.swift */ = {isa = PBXFileReference; lastKnownFileType = sourcecode.swift; path = SceneDelegate.swift; sourceTree = "<group>"; };
		D0E4F65B236DB91200ECC73A /* Assets.xcassets */ = {isa = PBXFileReference; lastKnownFileType = folder.assetcatalog; path = Assets.xcassets; sourceTree = "<group>"; };
		D0E4F65E236DB91200ECC73A /* Preview Assets.xcassets */ = {isa = PBXFileReference; lastKnownFileType = folder.assetcatalog; path = "Preview Assets.xcassets"; sourceTree = "<group>"; };
		D0E4F661236DB91200ECC73A /* Base */ = {isa = PBXFileReference; lastKnownFileType = file.storyboard; name = Base; path = Base.lproj/LaunchScreen.storyboard; sourceTree = "<group>"; };
		D0E4F663236DB91200ECC73A /* Info.plist */ = {isa = PBXFileReference; lastKnownFileType = text.plist.xml; path = Info.plist; sourceTree = "<group>"; };
/* End PBXFileReference section */

/* Begin PBXFrameworksBuildPhase section */
		D0E4F64F236DB90F00ECC73A /* Frameworks */ = {
			isa = PBXFrameworksBuildPhase;
			buildActionMask = 2147483647;
			files = (
			);
			runOnlyForDeploymentPostprocessing = 0;
		};
/* End PBXFrameworksBuildPhase section */

/* Begin PBXGroup section */
		D0C6ABB22393A71D002A429B /* Helpers */ = {
			isa = PBXGroup;
			children = (
				D0C6ABB42393A727002A429B /* ActivityIndicator.swift */,
				D0C6ABB32393A727002A429B /* Utilities.swift */,
				D0C6ABB72393A92D002A429B /* ServerCredential.swift */,
				D0CC44822434931300621685 /* HTTPError.swift */,
				D0CC44842434962300621685 /* LoadingIndicator.swift */,
			);
			path = Helpers;
			sourceTree = "<group>";
		};
		D0E4F649236DB90F00ECC73A = {
			isa = PBXGroup;
			children = (
				D0D9B1C123D99B1700B533D8 /* README.md */,
				D0E4F654236DB90F00ECC73A /* IoT Platform */,
				D0E4F653236DB90F00ECC73A /* Products */,
			);
			sourceTree = "<group>";
		};
		D0E4F653236DB90F00ECC73A /* Products */ = {
			isa = PBXGroup;
			children = (
				D0E4F652236DB90F00ECC73A /* IoT Platform.app */,
			);
			name = Products;
			sourceTree = "<group>";
		};
		D0E4F654236DB90F00ECC73A /* IoT Platform */ = {
			isa = PBXGroup;
			children = (
				D0E4F655236DB90F00ECC73A /* AppDelegate.swift */,
				D0E4F657236DB90F00ECC73A /* SceneDelegate.swift */,
				D0B7484224336AEE0064D901 /* DiscoverView.swift */,
				D0C6ABB02393A625002A429B /* MainMenuView.swift */,
				D00BF56F23ACFAFB006AE10D /* DeviceView.swift */,
				D0E4F65B236DB91200ECC73A /* Assets.xcassets */,
				D0E4F660236DB91200ECC73A /* LaunchScreen.storyboard */,
				D0E4F663236DB91200ECC73A /* Info.plist */,
				D0730D1023C0C0C900E3629A /* Types.swift */,
				D0BFBEED23C4ADBE001C9052 /* StateManagers.swift */,
				D0E4F65D236DB91200ECC73A /* Preview Content */,
				D0C6ABB22393A71D002A429B /* Helpers */,
			);
			path = "IoT Platform";
			sourceTree = "<group>";
		};
		D0E4F65D236DB91200ECC73A /* Preview Content */ = {
			isa = PBXGroup;
			children = (
				D0E4F65E236DB91200ECC73A /* Preview Assets.xcassets */,
			);
			path = "Preview Content";
			sourceTree = "<group>";
		};
/* End PBXGroup section */

/* Begin PBXNativeTarget section */
		D0E4F651236DB90F00ECC73A /* IoT Platform */ = {
			isa = PBXNativeTarget;
			buildConfigurationList = D0E4F666236DB91200ECC73A /* Build configuration list for PBXNativeTarget "IoT Platform" */;
			buildPhases = (
				D0E4F64E236DB90F00ECC73A /* Sources */,
				D0E4F64F236DB90F00ECC73A /* Frameworks */,
				D0E4F650236DB90F00ECC73A /* Resources */,
			);
			buildRules = (
			);
			dependencies = (
			);
			name = "IoT Platform";
			productName = "IoT Platform";
			productReference = D0E4F652236DB90F00ECC73A /* IoT Platform.app */;
			productType = "com.apple.product-type.application";
		};
/* End PBXNativeTarget section */

/* Begin PBXProject section */
		D0E4F64A236DB90F00ECC73A /* Project object */ = {
			isa = PBXProject;
			attributes = {
				LastSwiftUpdateCheck = 1120;
				LastUpgradeCheck = 1120;
				ORGANIZATIONNAME = "Tom Shen";
				TargetAttributes = {
					D0E4F651236DB90F00ECC73A = {
						CreatedOnToolsVersion = 11.2;
					};
				};
			};
			buildConfigurationList = D0E4F64D236DB90F00ECC73A /* Build configuration list for PBXProject "IoT Platform" */;
			compatibilityVersion = "Xcode 9.3";
			developmentRegion = en;
			hasScannedForEncodings = 0;
			knownRegions = (
				en,
				Base,
			);
			mainGroup = D0E4F649236DB90F00ECC73A;
			productRefGroup = D0E4F653236DB90F00ECC73A /* Products */;
			projectDirPath = "";
			projectRoot = "";
			targets = (
				D0E4F651236DB90F00ECC73A /* IoT Platform */,
			);
		};
/* End PBXProject section */

/* Begin PBXResourcesBuildPhase section */
		D0E4F650236DB90F00ECC73A /* Resources */ = {
			isa = PBXResourcesBuildPhase;
			buildActionMask = 2147483647;
			files = (
				D0E4F662236DB91200ECC73A /* LaunchScreen.storyboard in Resources */,
				D0E4F65F236DB91200ECC73A /* Preview Assets.xcassets in Resources */,
				D0D9B1C223D99B1700B533D8 /* README.md in Resources */,
				D0E4F65C236DB91200ECC73A /* Assets.xcassets in Resources */,
			);
			runOnlyForDeploymentPostprocessing = 0;
		};
/* End PBXResourcesBuildPhase section */

/* Begin PBXSourcesBuildPhase section */
		D0E4F64E236DB90F00ECC73A /* Sources */ = {
			isa = PBXSourcesBuildPhase;
			buildActionMask = 2147483647;
			files = (
				D0CC44852434962300621685 /* LoadingIndicator.swift in Sources */,
				D0C6ABB52393A727002A429B /* Utilities.swift in Sources */,
				D0CC44832434931300621685 /* HTTPError.swift in Sources */,
				D0C6ABB12393A625002A429B /* MainMenuView.swift in Sources */,
				D00BF57023ACFAFB006AE10D /* DeviceView.swift in Sources */,
				D0BFBEEE23C4ADBE001C9052 /* StateManagers.swift in Sources */,
				D0730D1123C0C0C900E3629A /* Types.swift in Sources */,
				D0E4F656236DB90F00ECC73A /* AppDelegate.swift in Sources */,
				D0C6ABB82393A92D002A429B /* ServerCredential.swift in Sources */,
				D0C6ABB62393A727002A429B /* ActivityIndicator.swift in Sources */,
				D0E4F658236DB90F00ECC73A /* SceneDelegate.swift in Sources */,
				D0B7484324336AEE0064D901 /* DiscoverView.swift in Sources */,
			);
			runOnlyForDeploymentPostprocessing = 0;
		};
/* End PBXSourcesBuildPhase section */

/* Begin PBXVariantGroup section */
		D0E4F660236DB91200ECC73A /* LaunchScreen.storyboard */ = {
			isa = PBXVariantGroup;
			children = (
				D0E4F661236DB91200ECC73A /* Base */,
			);
			name = LaunchScreen.storyboard;
			sourceTree = "<group>";
		};
/* End PBXVariantGroup section */

/* Begin XCBuildConfiguration section */
		D0E4F664236DB91200ECC73A /* Debug */ = {
			isa = XCBuildConfiguration;
			buildSettings = {
				ALWAYS_SEARCH_USER_PATHS = NO;
				CLANG_ANALYZER_NONNULL = YES;
				CLANG_ANALYZER_NUMBER_OBJECT_CONVERSION = YES_AGGRESSIVE;
				CLANG_CXX_LANGUAGE_STANDARD = "gnu++14";
				CLANG_CXX_LIBRARY = "libc++";
				CLANG_ENABLE_MODULES = YES;
				CLANG_ENABLE_OBJC_ARC = YES;
				CLANG_ENABLE_OBJC_WEAK = YES;
				CLANG_WARN_BLOCK_CAPTURE_AUTORELEASING = YES;
				CLANG_WARN_BOOL_CONVERSION = YES;
				CLANG_WARN_COMMA = YES;
				CLANG_WARN_CONSTANT_CONVERSION = YES;
				CLANG_WARN_DEPRECATED_OBJC_IMPLEMENTATIONS = YES;
				CLANG_WARN_DIRECT_OBJC_ISA_USAGE = YES_ERROR;
				CLANG_WARN_DOCUMENTATION_COMMENTS = YES;
				CLANG_WARN_EMPTY_BODY = YES;
				CLANG_WARN_ENUM_CONVERSION = YES;
				CLANG_WARN_INFINITE_RECURSION = YES;
				CLANG_WARN_INT_CONVERSION = YES;
				CLANG_WARN_NON_LITERAL_NULL_CONVERSION = YES;
				CLANG_WARN_OBJC_IMPLICIT_RETAIN_SELF = YES;
				CLANG_WARN_OBJC_LITERAL_CONVERSION = YES;
				CLANG_WARN_OBJC_ROOT_CLASS = YES_ERROR;
				CLANG_WARN_RANGE_LOOP_ANALYSIS = YES;
				CLANG_WARN_STRICT_PROTOTYPES = YES;
				CLANG_WARN_SUSPICIOUS_MOVE = YES;
				CLANG_WARN_UNGUARDED_AVAILABILITY = YES_AGGRESSIVE;
				CLANG_WARN_UNREACHABLE_CODE = YES;
				CLANG_WARN__DUPLICATE_METHOD_MATCH = YES;
				COPY_PHASE_STRIP = NO;
				DEBUG_INFORMATION_FORMAT = dwarf;
				ENABLE_STRICT_OBJC_MSGSEND = YES;
				ENABLE_TESTABILITY = YES;
				GCC_C_LANGUAGE_STANDARD = gnu11;
				GCC_DYNAMIC_NO_PIC = NO;
				GCC_NO_COMMON_BLOCKS = YES;
				GCC_OPTIMIZATION_LEVEL = 0;
				GCC_PREPROCESSOR_DEFINITIONS = (
					"DEBUG=1",
					"$(inherited)",
				);
				GCC_WARN_64_TO_32_BIT_CONVERSION = YES;
				GCC_WARN_ABOUT_RETURN_TYPE = YES_ERROR;
				GCC_WARN_UNDECLARED_SELECTOR = YES;
				GCC_WARN_UNINITIALIZED_AUTOS = YES_AGGRESSIVE;
				GCC_WARN_UNUSED_FUNCTION = YES;
				GCC_WARN_UNUSED_VARIABLE = YES;
				IPHONEOS_DEPLOYMENT_TARGET = 13.2;
				MTL_ENABLE_DEBUG_INFO = INCLUDE_SOURCE;
				MTL_FAST_MATH = YES;
				ONLY_ACTIVE_ARCH = YES;
				SDKROOT = iphoneos;
				SWIFT_ACTIVE_COMPILATION_CONDITIONS = DEBUG;
				SWIFT_OPTIMIZATION_LEVEL = "-Onone";
			};
			name = Debug;
		};
		D0E4F665236DB91200ECC73A /* Release */ = {
			isa = XCBuildConfiguration;
			buildSettings = {
				ALWAYS_SEARCH_USER_PATHS = NO;
				CLANG_ANALYZER_NONNULL = YES;
				CLANG_ANALYZER_NUMBER_OBJECT_CONVERSION = YES_AGGRESSIVE;
				CLANG_CXX_LANGUAGE_STANDARD = "gnu++14";
				CLANG_CXX_LIBRARY = "libc++";
				CLANG_ENABLE_MODULES = YES;
				CLANG_ENABLE_OBJC_ARC = YES;
				CLANG_ENABLE_OBJC_WEAK = YES;
				CLANG_WARN_BLOCK_CAPTURE_AUTORELEASING = YES;
				CLANG_WARN_BOOL_CONVERSION = YES;
				CLANG_WARN_COMMA = YES;
				CLANG_WARN_CONSTANT_CONVERSION = YES;
				CLANG_WARN_DEPRECATED_OBJC_IMPLEMENTATIONS = YES;
				CLANG_WARN_DIRECT_OBJC_ISA_USAGE = YES_ERROR;
				CLANG_WARN_DOCUMENTATION_COMMENTS = YES;
				CLANG_WARN_EMPTY_BODY = YES;
				CLANG_WARN_ENUM_CONVERSION = YES;
				CLANG_WARN_INFINITE_RECURSION = YES;
				CLANG_WARN_INT_CONVERSION = YES;
				CLANG_WARN_NON_LITERAL_NULL_CONVERSION = YES;
				CLANG_WARN_OBJC_IMPLICIT_RETAIN_SELF = YES;
				CLANG_WARN_OBJC_LITERAL_CONVERSION = YES;
				CLANG_WARN_OBJC_ROOT_CLASS = YES_ERROR;
				CLANG_WARN_RANGE_LOOP_ANALYSIS = YES;
				CLANG_WARN_STRICT_PROTOTYPES = YES;
				CLANG_WARN_SUSPICIOUS_MOVE = YES;
				CLANG_WARN_UNGUARDED_AVAILABILITY = YES_AGGRESSIVE;
				CLANG_WARN_UNREACHABLE_CODE = YES;
				CLANG_WARN__DUPLICATE_METHOD_MATCH = YES;
				COPY_PHASE_STRIP = NO;
				DEBUG_INFORMATION_FORMAT = "dwarf-with-dsym";
				ENABLE_NS_ASSERTIONS = NO;
				ENABLE_STRICT_OBJC_MSGSEND = YES;
				GCC_C_LANGUAGE_STANDARD = gnu11;
				GCC_NO_COMMON_BLOCKS = YES;
				GCC_WARN_64_TO_32_BIT_CONVERSION = YES;
				GCC_WARN_ABOUT_RETURN_TYPE = YES_ERROR;
				GCC_WARN_UNDECLARED_SELECTOR = YES;
				GCC_WARN_UNINITIALIZED_AUTOS = YES_AGGRESSIVE;
				GCC_WARN_UNUSED_FUNCTION = YES;
				GCC_WARN_UNUSED_VARIABLE = YES;
				IPHONEOS_DEPLOYMENT_TARGET = 13.2;
				MTL_ENABLE_DEBUG_INFO = NO;
				MTL_FAST_MATH = YES;
				SDKROOT = iphoneos;
				SWIFT_COMPILATION_MODE = wholemodule;
				SWIFT_OPTIMIZATION_LEVEL = "-O";
				VALIDATE_PRODUCT = YES;
			};
			name = Release;
		};
		D0E4F667236DB91200ECC73A /* Debug */ = {
			isa = XCBuildConfiguration;
			buildSettings = {
				ASSETCATALOG_COMPILER_APPICON_NAME = AppIcon;
				CODE_SIGN_STYLE = Automatic;
				CURRENT_PROJECT_VERSION = 3;
				DEVELOPMENT_ASSET_PATHS = "\"IoT Platform/Preview Content\"";
				DEVELOPMENT_TEAM = EUX5R9PE3W;
				ENABLE_PREVIEWS = YES;
				INFOPLIST_FILE = "IoT Platform/Info.plist";
				IPHONEOS_DEPLOYMENT_TARGET = 13.0;
				LD_RUNPATH_SEARCH_PATHS = (
					"$(inherited)",
					"@executable_path/Frameworks",
				);
				MARKETING_VERSION = 1.1;
				PRODUCT_BUNDLE_IDENTIFIER = "tomandjerry.IoT-Platform";
				PRODUCT_NAME = "$(TARGET_NAME)";
				SWIFT_VERSION = 5.0;
				TARGETED_DEVICE_FAMILY = "1,2";
			};
			name = Debug;
		};
		D0E4F668236DB91200ECC73A /* Release */ = {
			isa = XCBuildConfiguration;
			buildSettings = {
				ASSETCATALOG_COMPILER_APPICON_NAME = AppIcon;
				CODE_SIGN_STYLE = Automatic;
				CURRENT_PROJECT_VERSION = 3;
				DEVELOPMENT_ASSET_PATHS = "\"IoT Platform/Preview Content\"";
				DEVELOPMENT_TEAM = EUX5R9PE3W;
				ENABLE_PREVIEWS = YES;
				INFOPLIST_FILE = "IoT Platform/Info.plist";
				IPHONEOS_DEPLOYMENT_TARGET = 13.0;
				LD_RUNPATH_SEARCH_PATHS = (
					"$(inherited)",
					"@executable_path/Frameworks",
				);
				MARKETING_VERSION = 1.1;
				PRODUCT_BUNDLE_IDENTIFIER = "tomandjerry.IoT-Platform";
				PRODUCT_NAME = "$(TARGET_NAME)";
				SWIFT_VERSION = 5.0;
				TARGETED_DEVICE_FAMILY = "1,2";
			};
			name = Release;
		};
/* End XCBuildConfiguration section */

/* Begin XCConfigurationList section */
		D0E4F64D236DB90F00ECC73A /* Build configuration list for PBXProject "IoT Platform" */ = {
			isa = XCConfigurationList;
			buildConfigurations = (
				D0E4F664236DB91200ECC73A /* Debug */,
				D0E4F665236DB91200ECC73A /* Release */,
			);
			defaultConfigurationIsVisible = 0;
			defaultConfigurationName = Release;
		};
		D0E4F666236DB91200ECC73A /* Build configuration list for PBXNativeTarget "IoT Platform" */ = {
			isa = XCConfigurationList;
			buildConfigurations = (
				D0E4F667236DB91200ECC73A /* Debug */,
				D0E4F668236DB91200ECC73A /* Release */,
			);
			defaultConfigurationIsVisible = 0;
			defaultConfigurationName = Release;
		};
/* End XCConfigurationList section */
	};
	rootObject = D0E4F64A236DB90F00ECC73A /* Project object */;
}
